
Microsoft Visual Studio Solution File, Format Version 12.00
# Visual Studio Version 16
VisualStudioVersion = 16.0.29806.167
MinimumVisualStudioVersion = 10.0.40219.1
Project("{FAE04EC0-301F-11D3-BF4B-00C04F79EFBC}") = "1-PrimeiroProjeto", "1-PrimeiroProjeto\1-PrimeiroProjeto.csproj", "{041BF368-8BB7-4EB0-8269-E1D51483D2AE}"
EndProject
Project("{FAE04EC0-301F-11D3-BF4B-00C04F79EFBC}") = "2-CriandoVariaveis", "2-CriandoVariaveis\2-CriandoVariaveis.csproj", "{997C7261-79BD-4E07-B026-2104EB98CB60}"
EndProject
Project("{FAE04EC0-301F-11D3-BF4B-00C04F79EFBC}") = "3-CriandoVariavelFlutuante", "3-CriandoVariavelFlutuante\3-CriandoVariavelFlutuante.csproj", "{A9C1F33F-9C68-4EDC-9357-68EA347ADE21}"
EndProject
Project("{FAE04EC0-301F-11D3-BF4B-00C04F79EFBC}") = "4-ConversoesNumericas", "4-ConversoesNumericas\4-ConversoesNumericas.csproj", "{EA3E8A2D-121C-4389-A109-2B3C286E58ED}"
EndProject
Project("{FAE04EC0-301F-11D3-BF4B-00C04F79EFBC}") = "8-Condicionais", "8-Condicionais\8-Condicionais.csproj", "{9BA85099-4C67-4D96-8211-FF97D9D2B915}"
EndProject
Project("{FAE04EC0-301F-11D3-BF4B-00C04F79EFBC}") = "8.2-Variavel Booleana", "8.2-Variavel Booleana\8.2-Variavel Booleana.csproj", "{BDAF8658-3520-49CD-AD57-19F6F0A66CD9}"
EndProject
Project("{FAE04EC0-301F-11D3-BF4B-00C04F79EFBC}") = "9- Escopo", "9- Escopo\9- Escopo.csproj", "{ED32D19A-4414-4F45-BCAC-CAAA30BA9F07}"
EndProject
Project("{FAE04EC0-301F-11D3-BF4B-00C04F79EFBC}") = "10 - Exercicios", "10 - laço de repetição\10 - Exercicios.csproj", "{EBAD392A-520C-4941-B9CB-AEB858C9E8C8}"
EndProject
Project("{9A19103F-16F7-4668-BE54-9A1E7A4F7556}") = "11- Exercicio Pessoa", "11-LacoRepeticaoFor\11- Exercicio Pessoa.csproj", "{D03D6A71-97B2-4587-80F5-01D79433886E}"
EndProject
Global
	GlobalSection(SolutionConfigurationPlatforms) = preSolution
		Debug|Any CPU = Debug|Any CPU
		Release|Any CPU = Release|Any CPU
	EndGlobalSection
	GlobalSection(ProjectConfigurationPlatforms) = postSolution
		{041BF368-8BB7-4EB0-8269-E1D51483D2AE}.Debug|Any CPU.ActiveCfg = Debug|Any CPU
		{041BF368-8BB7-4EB0-8269-E1D51483D2AE}.Debug|Any CPU.Build.0 = Debug|Any CPU
		{041BF368-8BB7-4EB0-8269-E1D51483D2AE}.Release|Any CPU.ActiveCfg = Release|Any CPU
		{041BF368-8BB7-4EB0-8269-E1D51483D2AE}.Release|Any CPU.Build.0 = Release|Any CPU
		{997C7261-79BD-4E07-B026-2104EB98CB60}.Debug|Any CPU.ActiveCfg = Debug|Any CPU
		{997C7261-79BD-4E07-B026-2104EB98CB60}.Debug|Any CPU.Build.0 = Debug|Any CPU
		{997C7261-79BD-4E07-B026-2104EB98CB60}.Release|Any CPU.ActiveCfg = Release|Any CPU
		{997C7261-79BD-4E07-B026-2104EB98CB60}.Release|Any CPU.Build.0 = Release|Any CPU
		{A9C1F33F-9C68-4EDC-9357-68EA347ADE21}.Debug|Any CPU.ActiveCfg = Debug|Any CPU
		{A9C1F33F-9C68-4EDC-9357-68EA347ADE21}.Debug|Any CPU.Build.0 = Debug|Any CPU
		{A9C1F33F-9C68-4EDC-9357-68EA347ADE21}.Release|Any CPU.ActiveCfg = Release|Any CPU
		{A9C1F33F-9C68-4EDC-9357-68EA347ADE21}.Release|Any CPU.Build.0 = Release|Any CPU
		{EA3E8A2D-121C-4389-A109-2B3C286E58ED}.Debug|Any CPU.ActiveCfg = Debug|Any CPU
		{EA3E8A2D-121C-4389-A109-2B3C286E58ED}.Debug|Any CPU.Build.0 = Debug|Any CPU
		{EA3E8A2D-121C-4389-A109-2B3C286E58ED}.Release|Any CPU.ActiveCfg = Release|Any CPU
		{EA3E8A2D-121C-4389-A109-2B3C286E58ED}.Release|Any CPU.Build.0 = Release|Any CPU
		{9BA85099-4C67-4D96-8211-FF97D9D2B915}.Debug|Any CPU.ActiveCfg = Debug|Any CPU
		{9BA85099-4C67-4D96-8211-FF97D9D2B915}.Debug|Any CPU.Build.0 = Debug|Any CPU
		{9BA85099-4C67-4D96-8211-FF97D9D2B915}.Release|Any CPU.ActiveCfg = Release|Any CPU
		{9BA85099-4C67-4D96-8211-FF97D9D2B915}.Release|Any CPU.Build.0 = Release|Any CPU
		{BDAF8658-3520-49CD-AD57-19F6F0A66CD9}.Debug|Any CPU.ActiveCfg = Debug|Any CPU
		{BDAF8658-3520-49CD-AD57-19F6F0A66CD9}.Debug|Any CPU.Build.0 = Debug|Any CPU
		{BDAF8658-3520-49CD-AD57-19F6F0A66CD9}.Release|Any CPU.ActiveCfg = Release|Any CPU
		{BDAF8658-3520-49CD-AD57-19F6F0A66CD9}.Release|Any CPU.Build.0 = Release|Any CPU
		{ED32D19A-4414-4F45-BCAC-CAAA30BA9F07}.Debug|Any CPU.ActiveCfg = Debug|Any CPU
		{ED32D19A-4414-4F45-BCAC-CAAA30BA9F07}.Debug|Any CPU.Build.0 = Debug|Any CPU
		{ED32D19A-4414-4F45-BCAC-CAAA30BA9F07}.Release|Any CPU.ActiveCfg = Release|Any CPU
		{ED32D19A-4414-4F45-BCAC-CAAA30BA9F07}.Release|Any CPU.Build.0 = Release|Any CPU
		{EBAD392A-520C-4941-B9CB-AEB858C9E8C8}.Debug|Any CPU.ActiveCfg = Debug|Any CPU
		{EBAD392A-520C-4941-B9CB-AEB858C9E8C8}.Debug|Any CPU.Build.0 = Debug|Any CPU
		{EBAD392A-520C-4941-B9CB-AEB858C9E8C8}.Release|Any CPU.ActiveCfg = Release|Any CPU
		{EBAD392A-520C-4941-B9CB-AEB858C9E8C8}.Release|Any CPU.Build.0 = Release|Any CPU
		{D03D6A71-97B2-4587-80F5-01D79433886E}.Debug|Any CPU.ActiveCfg = Debug|Any CPU
		{D03D6A71-97B2-4587-80F5-01D79433886E}.Debug|Any CPU.Build.0 = Debug|Any CPU
		{D03D6A71-97B2-4587-80F5-01D79433886E}.Release|Any CPU.ActiveCfg = Release|Any CPU
		{D03D6A71-97B2-4587-80F5-01D79433886E}.Release|Any CPU.Build.0 = Release|Any CPU
	EndGlobalSection
	GlobalSection(SolutionProperties) = preSolution
		HideSolutionNode = FALSE
	EndGlobalSection
	GlobalSection(ExtensibilityGlobals) = postSolution
		SolutionGuid = {FB52494A-F691-4A79-957B-AD3B0BCD5641}
	EndGlobalSection
EndGlobal
